
Microsoft Visual Studio Solution File, Format Version 12.00
# Visual Studio Version 16
VisualStudioVersion = 16.0.31424.327
MinimumVisualStudioVersion = 10.0.40219.1
Project("{FAE04EC0-301F-11D3-BF4B-00C04F79EFBC}") = "AzureFunction", "FirstPancake\AzureFunction.csproj", "{99F03A16-C44C-4183-BAA1-2B5BFC22350D}"
EndProject
Project("{FAE04EC0-301F-11D3-BF4B-00C04F79EFBC}") = "Engine", "Engine\Engine.csproj", "{0EB10BAA-BC16-41E9-B9D2-35A28E83D76C}"
EndProject
Global
	GlobalSection(SolutionConfigurationPlatforms) = preSolution
		Debug|Any CPU = Debug|Any CPU
		Release|Any CPU = Release|Any CPU
	EndGlobalSection
	GlobalSection(ProjectConfigurationPlatforms) = postSolution
		{99F03A16-C44C-4183-BAA1-2B5BFC22350D}.Debug|Any CPU.ActiveCfg = Debug|Any CPU
		{99F03A16-C44C-4183-BAA1-2B5BFC22350D}.Debug|Any CPU.Build.0 = Debug|Any CPU
		{99F03A16-C44C-4183-BAA1-2B5BFC22350D}.Release|Any CPU.ActiveCfg = Release|Any CPU
		{99F03A16-C44C-4183-BAA1-2B5BFC22350D}.Release|Any CPU.Build.0 = Release|Any CPU
		{0EB10BAA-BC16-41E9-B9D2-35A28E83D76C}.Debug|Any CPU.ActiveCfg = Debug|Any CPU
		{0EB10BAA-BC16-41E9-B9D2-35A28E83D76C}.Debug|Any CPU.Build.0 = Debug|Any CPU
		{0EB10BAA-BC16-41E9-B9D2-35A28E83D76C}.Release|Any CPU.ActiveCfg = Release|Any CPU
		{0EB10BAA-BC16-41E9-B9D2-35A28E83D76C}.Release|Any CPU.Build.0 = Release|Any CPU
	EndGlobalSection
	GlobalSection(SolutionProperties) = preSolution
		HideSolutionNode = FALSE
	EndGlobalSection
	GlobalSection(ExtensibilityGlobals) = postSolution
		SolutionGuid = {E836EE3B-5F8D-42D7-88BA-40C5D22469FD}
	EndGlobalSection
EndGlobal
